
Microsoft Visual Studio Solution File, Format Version 12.00
# Visual Studio Version 16
VisualStudioVersion = 16.0.35325.158
MinimumVisualStudioVersion = 10.0.40219.1
Project("{8BC9CEB8-8B4A-11D0-8D11-00A0C91BC942}") = "2024-11-2", "2024-11-2\2024-11-2.vcxproj", "{023CB433-AABD-44F6-939F-3B2DAEEA0397}"
EndProject
Global
	GlobalSection(SolutionConfigurationPlatforms) = preSolution
		Debug|x64 = Debug|x64
		Debug|x86 = Debug|x86
		Release|x64 = Release|x64
		Release|x86 = Release|x86
	EndGlobalSection
	GlobalSection(ProjectConfigurationPlatforms) = postSolution
		{023CB433-AABD-44F6-939F-3B2DAEEA0397}.Debug|x64.ActiveCfg = Debug|x64
		{023CB433-AABD-44F6-939F-3B2DAEEA0397}.Debug|x64.Build.0 = Debug|x64
		{023CB433-AABD-44F6-939F-3B2DAEEA0397}.Debug|x86.ActiveCfg = Debug|Win32
		{023CB433-AABD-44F6-939F-3B2DAEEA0397}.Debug|x86.Build.0 = Debug|Win32
		{023CB433-AABD-44F6-939F-3B2DAEEA0397}.Release|x64.ActiveCfg = Release|x64
		{023CB433-AABD-44F6-939F-3B2DAEEA0397}.Release|x64.Build.0 = Release|x64
		{023CB433-AABD-44F6-939F-3B2DAEEA0397}.Release|x86.ActiveCfg = Release|Win32
		{023CB433-AABD-44F6-939F-3B2DAEEA0397}.Release|x86.Build.0 = Release|Win32
	EndGlobalSection
	GlobalSection(SolutionProperties) = preSolution
		HideSolutionNode = FALSE
	EndGlobalSection
	GlobalSection(ExtensibilityGlobals) = postSolution
		SolutionGuid = {F243B332-7EFD-4378-98BD-6469DA42C7DA}
	EndGlobalSection
EndGlobal
