
Microsoft Visual Studio Solution File, Format Version 12.00
# Visual Studio Version 16
VisualStudioVersion = 16.0.35325.158
MinimumVisualStudioVersion = 10.0.40219.1
Project("{8BC9CEB8-8B4A-11D0-8D11-00A0C91BC942}") = "2024-12-10", "2024-12-10\2024-12-10.vcxproj", "{EB2FE58F-7348-4E5D-B920-258A4DEE433A}"
EndProject
Global
	GlobalSection(SolutionConfigurationPlatforms) = preSolution
		Debug|x64 = Debug|x64
		Debug|x86 = Debug|x86
		Release|x64 = Release|x64
		Release|x86 = Release|x86
	EndGlobalSection
	GlobalSection(ProjectConfigurationPlatforms) = postSolution
		{EB2FE58F-7348-4E5D-B920-258A4DEE433A}.Debug|x64.ActiveCfg = Debug|x64
		{EB2FE58F-7348-4E5D-B920-258A4DEE433A}.Debug|x64.Build.0 = Debug|x64
		{EB2FE58F-7348-4E5D-B920-258A4DEE433A}.Debug|x86.ActiveCfg = Debug|Win32
		{EB2FE58F-7348-4E5D-B920-258A4DEE433A}.Debug|x86.Build.0 = Debug|Win32
		{EB2FE58F-7348-4E5D-B920-258A4DEE433A}.Release|x64.ActiveCfg = Release|x64
		{EB2FE58F-7348-4E5D-B920-258A4DEE433A}.Release|x64.Build.0 = Release|x64
		{EB2FE58F-7348-4E5D-B920-258A4DEE433A}.Release|x86.ActiveCfg = Release|Win32
		{EB2FE58F-7348-4E5D-B920-258A4DEE433A}.Release|x86.Build.0 = Release|Win32
	EndGlobalSection
	GlobalSection(SolutionProperties) = preSolution
		HideSolutionNode = FALSE
	EndGlobalSection
	GlobalSection(ExtensibilityGlobals) = postSolution
		SolutionGuid = {1CB30B22-4144-4ED8-86EE-9C269E5C5A6C}
	EndGlobalSection
EndGlobal
